
Microsoft Visual Studio Solution File, Format Version 11.00
# Visual Studio 2010
Project("{FAE04EC0-301F-11D3-BF4B-00C04F79EFBC}") = "Pass_By_Value", "Pass_By_Value\Pass_By_Value.csproj", "{7C777C0E-8AD2-4FC9-A6D7-45A73343A0F0}"
EndProject
Global
	GlobalSection(SolutionConfigurationPlatforms) = preSolution
		Debug|x86 = Debug|x86
		Release|x86 = Release|x86
	EndGlobalSection
	GlobalSection(ProjectConfigurationPlatforms) = postSolution
		{7C777C0E-8AD2-4FC9-A6D7-45A73343A0F0}.Debug|x86.ActiveCfg = Debug|x86
		{7C777C0E-8AD2-4FC9-A6D7-45A73343A0F0}.Debug|x86.Build.0 = Debug|x86
		{7C777C0E-8AD2-4FC9-A6D7-45A73343A0F0}.Release|x86.ActiveCfg = Release|x86
		{7C777C0E-8AD2-4FC9-A6D7-45A73343A0F0}.Release|x86.Build.0 = Release|x86
	EndGlobalSection
	GlobalSection(SolutionProperties) = preSolution
		HideSolutionNode = FALSE
	EndGlobalSection
EndGlobal
